// !$*UTF8*$!
{
	archiveVersion = 1;
	classes = {
	};
	objectVersion = 46;
	objects = {

/* Begin PBXBuildFile section */
		06726B551C1B5D5500E5DFC0 /* WebViewDelegate.swift in Sources */ = {isa = PBXBuildFile; fileRef = 06726B541C1B5D5500E5DFC0 /* WebViewDelegate.swift */; };
		06C2E8751B98C96B001AF5B4 /* main.swift in Sources */ = {isa = PBXBuildFile; fileRef = 06C2E8741B98C96B001AF5B4 /* main.swift */; };
		06DA7E381C1E53FF00DE03BA /* StreamScanner.swift in Sources */ = {isa = PBXBuildFile; fileRef = 06DA7E371C1E53FF00DE03BA /* StreamScanner.swift */; };
		06DA7E3A1C1E5CC100DE03BA /* String+stringToJson.swift in Sources */ = {isa = PBXBuildFile; fileRef = 06DA7E391C1E5CC100DE03BA /* String+stringToJson.swift */; };
/* End PBXBuildFile section */

/* Begin PBXCopyFilesBuildPhase section */
		06C2E86F1B98C96B001AF5B4 /* CopyFiles */ = {
			isa = PBXCopyFilesBuildPhase;
			buildActionMask = 2147483647;
			dstPath = /usr/share/man/man1/;
			dstSubfolderSpec = 0;
			files = (
			);
			runOnlyForDeploymentPostprocessing = 1;
		};
/* End PBXCopyFilesBuildPhase section */

/* Begin PBXFileReference section */
		06726B541C1B5D5500E5DFC0 /* WebViewDelegate.swift */ = {isa = PBXFileReference; fileEncoding = 4; lastKnownFileType = sourcecode.swift; path = WebViewDelegate.swift; sourceTree = "<group>"; };
		06C2E8711B98C96B001AF5B4 /* webThumb */ = {isa = PBXFileReference; explicitFileType = "compiled.mach-o.executable"; includeInIndex = 0; path = webThumb; sourceTree = BUILT_PRODUCTS_DIR; };
		06C2E8741B98C96B001AF5B4 /* main.swift */ = {isa = PBXFileReference; lastKnownFileType = sourcecode.swift; path = main.swift; sourceTree = "<group>"; };
		06DA7E371C1E53FF00DE03BA /* StreamScanner.swift */ = {isa = PBXFileReference; fileEncoding = 4; lastKnownFileType = sourcecode.swift; path = StreamScanner.swift; sourceTree = "<group>"; };
		06DA7E391C1E5CC100DE03BA /* String+stringToJson.swift */ = {isa = PBXFileReference; fileEncoding = 4; lastKnownFileType = sourcecode.swift; path = "String+stringToJson.swift"; sourceTree = "<group>"; };
/* End PBXFileReference section */

/* Begin PBXFrameworksBuildPhase section */
		06C2E86E1B98C96B001AF5B4 /* Frameworks */ = {
			isa = PBXFrameworksBuildPhase;
			buildActionMask = 2147483647;
			files = (
			);
			runOnlyForDeploymentPostprocessing = 0;
		};
/* End PBXFrameworksBuildPhase section */

/* Begin PBXGroup section */
		06C2E8681B98C96B001AF5B4 = {
			isa = PBXGroup;
			children = (
				06C2E8731B98C96B001AF5B4 /* webThumb */,
				06C2E8721B98C96B001AF5B4 /* Products */,
			);
			sourceTree = "<group>";
		};
		06C2E8721B98C96B001AF5B4 /* Products */ = {
			isa = PBXGroup;
			children = (
				06C2E8711B98C96B001AF5B4 /* webThumb */,
			);
			name = Products;
			sourceTree = "<group>";
		};
		06C2E8731B98C96B001AF5B4 /* webThumb */ = {
			isa = PBXGroup;
			children = (
				06C2E8741B98C96B001AF5B4 /* main.swift */,
				06726B541C1B5D5500E5DFC0 /* WebViewDelegate.swift */,
				06DA7E371C1E53FF00DE03BA /* StreamScanner.swift */,
				06DA7E391C1E5CC100DE03BA /* String+stringToJson.swift */,
			);
			path = webThumb;
			sourceTree = "<group>";
		};
/* End PBXGroup section */

/* Begin PBXNativeTarget section */
		06C2E8701B98C96B001AF5B4 /* webThumb */ = {
			isa = PBXNativeTarget;
			buildConfigurationList = 06C2E8781B98C96B001AF5B4 /* Build configuration list for PBXNativeTarget "webThumb" */;
			buildPhases = (
				06C2E86D1B98C96B001AF5B4 /* Sources */,
				06C2E86E1B98C96B001AF5B4 /* Frameworks */,
				06C2E86F1B98C96B001AF5B4 /* CopyFiles */,
			);
			buildRules = (
			);
			dependencies = (
			);
			name = webThumb;
			productName = webThumb;
			productReference = 06C2E8711B98C96B001AF5B4 /* webThumb */;
			productType = "com.apple.product-type.tool";
		};
/* End PBXNativeTarget section */

/* Begin PBXProject section */
		06C2E8691B98C96B001AF5B4 /* Project object */ = {
			isa = PBXProject;
			attributes = {
				LastSwiftMigration = 0710;
				LastSwiftUpdateCheck = 0710;
				LastUpgradeCheck = 0720;
				ORGANIZATIONNAME = "Scott Cheezem";
				TargetAttributes = {
					06C2E8701B98C96B001AF5B4 = {
						CreatedOnToolsVersion = 6.4;
					};
				};
			};
			buildConfigurationList = 06C2E86C1B98C96B001AF5B4 /* Build configuration list for PBXProject "webThumb" */;
			compatibilityVersion = "Xcode 3.2";
			developmentRegion = English;
			hasScannedForEncodings = 0;
			knownRegions = (
				en,
			);
			mainGroup = 06C2E8681B98C96B001AF5B4;
			productRefGroup = 06C2E8721B98C96B001AF5B4 /* Products */;
			projectDirPath = "";
			projectRoot = "";
			targets = (
				06C2E8701B98C96B001AF5B4 /* webThumb */,
			);
		};
/* End PBXProject section */

/* Begin PBXSourcesBuildPhase section */
		06C2E86D1B98C96B001AF5B4 /* Sources */ = {
			isa = PBXSourcesBuildPhase;
			buildActionMask = 2147483647;
			files = (
				06DA7E381C1E53FF00DE03BA /* StreamScanner.swift in Sources */,
				06726B551C1B5D5500E5DFC0 /* WebViewDelegate.swift in Sources */,
				06DA7E3A1C1E5CC100DE03BA /* String+stringToJson.swift in Sources */,
				06C2E8751B98C96B001AF5B4 /* main.swift in Sources */,
			);
			runOnlyForDeploymentPostprocessing = 0;
		};
/* End PBXSourcesBuildPhase section */

/* Begin XCBuildConfiguration section */
		06C2E8761B98C96B001AF5B4 /* Debug */ = {
			isa = XCBuildConfiguration;
			buildSettings = {
				ALWAYS_SEARCH_USER_PATHS = NO;
				CLANG_CXX_LANGUAGE_STANDARD = "gnu++0x";
				CLANG_CXX_LIBRARY = "libc++";
				CLANG_ENABLE_MODULES = YES;
				CLANG_ENABLE_OBJC_ARC = YES;
				CLANG_WARN_BOOL_CONVERSION = YES;
				CLANG_WARN_CONSTANT_CONVERSION = YES;
				CLANG_WARN_DIRECT_OBJC_ISA_USAGE = YES_ERROR;
				CLANG_WARN_EMPTY_BODY = YES;
				CLANG_WARN_ENUM_CONVERSION = YES;
				CLANG_WARN_INT_CONVERSION = YES;
				CLANG_WARN_OBJC_ROOT_CLASS = YES_ERROR;
				CLANG_WARN_UNREACHABLE_CODE = YES;
				CLANG_WARN__DUPLICATE_METHOD_MATCH = YES;
				COPY_PHASE_STRIP = NO;
				DEBUG_INFORMATION_FORMAT = dwarf;
				ENABLE_STRICT_OBJC_MSGSEND = YES;
				ENABLE_TESTABILITY = YES;
				GCC_C_LANGUAGE_STANDARD = gnu99;
				GCC_DYNAMIC_NO_PIC = NO;
				GCC_NO_COMMON_BLOCKS = YES;
				GCC_OPTIMIZATION_LEVEL = 0;
				GCC_PREPROCESSOR_DEFINITIONS = (
					"DEBUG=1",
					"$(inherited)",
				);
				GCC_SYMBOLS_PRIVATE_EXTERN = NO;
				GCC_WARN_64_TO_32_BIT_CONVERSION = YES;
				GCC_WARN_ABOUT_RETURN_TYPE = YES_ERROR;
				GCC_WARN_UNDECLARED_SELECTOR = YES;
				GCC_WARN_UNINITIALIZED_AUTOS = YES_AGGRESSIVE;
				GCC_WARN_UNUSED_FUNCTION = YES;
				GCC_WARN_UNUSED_VARIABLE = YES;
				MACOSX_DEPLOYMENT_TARGET = 10.10;
				MTL_ENABLE_DEBUG_INFO = YES;
				ONLY_ACTIVE_ARCH = YES;
				SDKROOT = macosx;
				SWIFT_OPTIMIZATION_LEVEL = "-Onone";
			};
			name = Debug;
		};
		06C2E8771B98C96B001AF5B4 /* Release */ = {
			isa = XCBuildConfiguration;
			buildSettings = {
				ALWAYS_SEARCH_USER_PATHS = NO;
				CLANG_CXX_LANGUAGE_STANDARD = "gnu++0x";
				CLANG_CXX_LIBRARY = "libc++";
				CLANG_ENABLE_MODULES = YES;
				CLANG_ENABLE_OBJC_ARC = YES;
				CLANG_WARN_BOOL_CONVERSION = YES;
				CLANG_WARN_CONSTANT_CONVERSION = YES;
				CLANG_WARN_DIRECT_OBJC_ISA_USAGE = YES_ERROR;
				CLANG_WARN_EMPTY_BODY = YES;
				CLANG_WARN_ENUM_CONVERSION = YES;
				CLANG_WARN_INT_CONVERSION = YES;
				CLANG_WARN_OBJC_ROOT_CLASS = YES_ERROR;
				CLANG_WARN_UNREACHABLE_CODE = YES;
				CLANG_WARN__DUPLICATE_METHOD_MATCH = YES;
				COPY_PHASE_STRIP = NO;
				DEBUG_INFORMATION_FORMAT = "dwarf-with-dsym";
				ENABLE_NS_ASSERTIONS = NO;
				ENABLE_STRICT_OBJC_MSGSEND = YES;
				GCC_C_LANGUAGE_STANDARD = gnu99;
				GCC_NO_COMMON_BLOCKS = YES;
				GCC_WARN_64_TO_32_BIT_CONVERSION = YES;
				GCC_WARN_ABOUT_RETURN_TYPE = YES_ERROR;
				GCC_WARN_UNDECLARED_SELECTOR = YES;
				GCC_WARN_UNINITIALIZED_AUTOS = YES_AGGRESSIVE;
				GCC_WARN_UNUSED_FUNCTION = YES;
				GCC_WARN_UNUSED_VARIABLE = YES;
				MACOSX_DEPLOYMENT_TARGET = 10.10;
				MTL_ENABLE_DEBUG_INFO = NO;
				SDKROOT = macosx;
			};
			name = Release;
		};
		06C2E8791B98C96B001AF5B4 /* Debug */ = {
			isa = XCBuildConfiguration;
			buildSettings = {
				PRODUCT_NAME = "$(TARGET_NAME)";
			};
			name = Debug;
		};
		06C2E87A1B98C96B001AF5B4 /* Release */ = {
			isa = XCBuildConfiguration;
			buildSettings = {
				PRODUCT_NAME = "$(TARGET_NAME)";
			};
			name = Release;
		};
/* End XCBuildConfiguration section */

/* Begin XCConfigurationList section */
		06C2E86C1B98C96B001AF5B4 /* Build configuration list for PBXProject "webThumb" */ = {
			isa = XCConfigurationList;
			buildConfigurations = (
				06C2E8761B98C96B001AF5B4 /* Debug */,
				06C2E8771B98C96B001AF5B4 /* Release */,
			);
			defaultConfigurationIsVisible = 0;
			defaultConfigurationName = Release;
		};
		06C2E8781B98C96B001AF5B4 /* Build configuration list for PBXNativeTarget "webThumb" */ = {
			isa = XCConfigurationList;
			buildConfigurations = (
				06C2E8791B98C96B001AF5B4 /* Debug */,
				06C2E87A1B98C96B001AF5B4 /* Release */,
			);
			defaultConfigurationIsVisible = 0;
			defaultConfigurationName = Release;
		};
/* End XCConfigurationList section */
	};
	rootObject = 06C2E8691B98C96B001AF5B4 /* Project object */;
}
